
Microsoft Visual Studio Solution File, Format Version 12.00
# Visual Studio Version 16
VisualStudioVersion = 16.0.32228.343
MinimumVisualStudioVersion = 10.0.40219.1
Project("{FAE04EC0-301F-11D3-BF4B-00C04F79EFBC}") = "Consolemon", "Consolemon\Consolemon.csproj", "{83DD1549-2A52-4BDB-B101-48FFECCCDB43}"
EndProject
Global
	GlobalSection(SolutionConfigurationPlatforms) = preSolution
		Debug|Any CPU = Debug|Any CPU
		Release|Any CPU = Release|Any CPU
	EndGlobalSection
	GlobalSection(ProjectConfigurationPlatforms) = postSolution
		{83DD1549-2A52-4BDB-B101-48FFECCCDB43}.Debug|Any CPU.ActiveCfg = Debug|Any CPU
		{83DD1549-2A52-4BDB-B101-48FFECCCDB43}.Debug|Any CPU.Build.0 = Debug|Any CPU
		{83DD1549-2A52-4BDB-B101-48FFECCCDB43}.Release|Any CPU.ActiveCfg = Release|Any CPU
		{83DD1549-2A52-4BDB-B101-48FFECCCDB43}.Release|Any CPU.Build.0 = Release|Any CPU
	EndGlobalSection
	GlobalSection(SolutionProperties) = preSolution
		HideSolutionNode = FALSE
	EndGlobalSection
	GlobalSection(ExtensibilityGlobals) = postSolution
		SolutionGuid = {6BF2C00A-7F91-42D1-870B-DB6298824ED3}
	EndGlobalSection
EndGlobal
